
Microsoft Visual Studio Solution File, Format Version 12.00
# Visual Studio Version 16
VisualStudioVersion = 16.0.31729.503
MinimumVisualStudioVersion = 10.0.40219.1
Project("{8BC9CEB8-8B4A-11D0-8D11-00A0C91BC942}") = "TreePractice", "TreePractice.vcxproj", "{CCB3C460-1D8C-4236-955A-01E259A3EBFC}"
EndProject
Global
	GlobalSection(SolutionConfigurationPlatforms) = preSolution
		Debug|x64 = Debug|x64
		Debug|x86 = Debug|x86
		Release|x64 = Release|x64
		Release|x86 = Release|x86
	EndGlobalSection
	GlobalSection(ProjectConfigurationPlatforms) = postSolution
		{CCB3C460-1D8C-4236-955A-01E259A3EBFC}.Debug|x64.ActiveCfg = Debug|x64
		{CCB3C460-1D8C-4236-955A-01E259A3EBFC}.Debug|x64.Build.0 = Debug|x64
		{CCB3C460-1D8C-4236-955A-01E259A3EBFC}.Debug|x86.ActiveCfg = Debug|Win32
		{CCB3C460-1D8C-4236-955A-01E259A3EBFC}.Debug|x86.Build.0 = Debug|Win32
		{CCB3C460-1D8C-4236-955A-01E259A3EBFC}.Release|x64.ActiveCfg = Release|x64
		{CCB3C460-1D8C-4236-955A-01E259A3EBFC}.Release|x64.Build.0 = Release|x64
		{CCB3C460-1D8C-4236-955A-01E259A3EBFC}.Release|x86.ActiveCfg = Release|Win32
		{CCB3C460-1D8C-4236-955A-01E259A3EBFC}.Release|x86.Build.0 = Release|Win32
	EndGlobalSection
	GlobalSection(SolutionProperties) = preSolution
		HideSolutionNode = FALSE
	EndGlobalSection
	GlobalSection(ExtensibilityGlobals) = postSolution
		SolutionGuid = {B3901FB1-6698-4137-B05C-7EE405658E6E}
	EndGlobalSection
EndGlobal
